Microsoft Visual Studio Solution File, Format Version 12.00
# Visual Studio Version 16
VisualStudioVersion = 16.0.30114.105
MinimumVisualStudioVersion = 10.0.40219.1
Project("{8BC9CEB8-8B4A-11D0-8D11-00A0C91BC942}") = "tiny", "tiny.vcxproj", "{6A731FB2-F1F2-461A-8BCA-349E0C726FE5}"
EndProject
Global
	GlobalSection(SolutionConfigurationPlatforms) = preSolution
		Debug Console|x64 = Debug Console|x64
		Debug Console|x86 = Debug Console|x86
		Debug Gui|x64 = Debug Gui|x64
		Debug Gui|x86 = Debug Gui|x86
		Release Console|x64 = Release Console|x64
		Release Console|x86 = Release Console|x86
		Release Gui|x64 = Release Gui|x64
		Release Gui|x86 = Release Gui|x86
	EndGlobalSection
	GlobalSection(ProjectConfigurationPlatforms) = postSolution
		{6A731FB2-F1F2-461A-8BCA-349E0C726FE5}.Debug Console|x64.ActiveCfg = Debug Console|x64
		{6A731FB2-F1F2-461A-8BCA-349E0C726FE5}.Debug Console|x64.Build.0 = Debug Console|x64
		{6A731FB2-F1F2-461A-8BCA-349E0C726FE5}.Debug Console|x86.ActiveCfg = Debug Console|Win32
		{6A731FB2-F1F2-461A-8BCA-349E0C726FE5}.Debug Console|x86.Build.0 = Debug Console|Win32
		{6A731FB2-F1F2-461A-8BCA-349E0C726FE5}.Debug Gui|x64.ActiveCfg = Release Gui|x64
		{6A731FB2-F1F2-461A-8BCA-349E0C726FE5}.Debug Gui|x64.Build.0 = Release Gui|x64
		{6A731FB2-F1F2-461A-8BCA-349E0C726FE5}.Debug Gui|x86.ActiveCfg = Debug Gui|Win32
		{6A731FB2-F1F2-461A-8BCA-349E0C726FE5}.Debug Gui|x86.Build.0 = Debug Gui|Win32
		{6A731FB2-F1F2-461A-8BCA-349E0C726FE5}.Release Console|x64.ActiveCfg = Release Console|x64
		{6A731FB2-F1F2-461A-8BCA-349E0C726FE5}.Release Console|x64.Build.0 = Release Console|x64
		{6A731FB2-F1F2-461A-8BCA-349E0C726FE5}.Release Console|x86.ActiveCfg = Release Console|Win32
		{6A731FB2-F1F2-461A-8BCA-349E0C726FE5}.Release Console|x86.Build.0 = Release Console|Win32
		{6A731FB2-F1F2-461A-8BCA-349E0C726FE5}.Release Gui|x64.ActiveCfg = Release Gui|x64
		{6A731FB2-F1F2-461A-8BCA-349E0C726FE5}.Release Gui|x64.Build.0 = Release Gui|x64
		{6A731FB2-F1F2-461A-8BCA-349E0C726FE5}.Release Gui|x86.ActiveCfg = Release Gui|Win32
		{6A731FB2-F1F2-461A-8BCA-349E0C726FE5}.Release Gui|x86.Build.0 = Release Gui|Win32
	EndGlobalSection
	GlobalSection(SolutionProperties) = preSolution
		HideSolutionNode = FALSE
	EndGlobalSection
	GlobalSection(ExtensibilityGlobals) = postSolution
		SolutionGuid = {4F33638F-D5E0-4A57-995A-8D6188DA5D43}
	EndGlobalSection
EndGlobal
